
Microsoft Visual Studio Solution File, Format Version 12.00
# Visual Studio Version 17
VisualStudioVersion = 17.6.33815.320
MinimumVisualStudioVersion = 10.0.40219.1
Project("{FAE04EC0-301F-11D3-BF4B-00C04F79EFBC}") = "OrbitUIAutomationUpgrade", "OrbitUIAutomationUpgrade\OrbitUIAutomationUpgrade.csproj", "{EA31F2B8-9E08-4D97-B1E9-8AD77631870C}"
EndProject
Global
	GlobalSection(SolutionConfigurationPlatforms) = preSolution
		Debug|Any CPU = Debug|Any CPU
		Release|Any CPU = Release|Any CPU
	EndGlobalSection
	GlobalSection(ProjectConfigurationPlatforms) = postSolution
		{EA31F2B8-9E08-4D97-B1E9-8AD77631870C}.Debug|Any CPU.ActiveCfg = Debug|Any CPU
		{EA31F2B8-9E08-4D97-B1E9-8AD77631870C}.Debug|Any CPU.Build.0 = Debug|Any CPU
		{EA31F2B8-9E08-4D97-B1E9-8AD77631870C}.Release|Any CPU.ActiveCfg = Release|Any CPU
		{EA31F2B8-9E08-4D97-B1E9-8AD77631870C}.Release|Any CPU.Build.0 = Release|Any CPU
	EndGlobalSection
	GlobalSection(SolutionProperties) = preSolution
		HideSolutionNode = FALSE
	EndGlobalSection
	GlobalSection(ExtensibilityGlobals) = postSolution
		SolutionGuid = {B59F19CB-49EB-4903-BA2B-7A82712FB5B5}
	EndGlobalSection
EndGlobal
